
Microsoft Visual Studio Solution File, Format Version 12.00
# Visual Studio Version 16
VisualStudioVersion = 16.0.31313.79
MinimumVisualStudioVersion = 10.0.40219.1
Project("{FAE04EC0-301F-11D3-BF4B-00C04F79EFBC}") = "Flujo de datos - C2 Ej8", "Flujo de datos - C2 Ej8\Flujo de datos - C2 Ej8.csproj", "{4BD477F9-15E4-49E1-A566-8926869E4546}"
EndProject
Global
	GlobalSection(SolutionConfigurationPlatforms) = preSolution
		Debug|Any CPU = Debug|Any CPU
		Release|Any CPU = Release|Any CPU
	EndGlobalSection
	GlobalSection(ProjectConfigurationPlatforms) = postSolution
		{4BD477F9-15E4-49E1-A566-8926869E4546}.Debug|Any CPU.ActiveCfg = Debug|Any CPU
		{4BD477F9-15E4-49E1-A566-8926869E4546}.Debug|Any CPU.Build.0 = Debug|Any CPU
		{4BD477F9-15E4-49E1-A566-8926869E4546}.Release|Any CPU.ActiveCfg = Release|Any CPU
		{4BD477F9-15E4-49E1-A566-8926869E4546}.Release|Any CPU.Build.0 = Release|Any CPU
	EndGlobalSection
	GlobalSection(SolutionProperties) = preSolution
		HideSolutionNode = FALSE
	EndGlobalSection
	GlobalSection(ExtensibilityGlobals) = postSolution
		SolutionGuid = {3236BC78-2C45-4521-AE73-27C9984A4C39}
	EndGlobalSection
EndGlobal
